
Microsoft Visual Studio Solution File, Format Version 12.00
# Visual Studio 15
VisualStudioVersion = 15.0.28010.2048
MinimumVisualStudioVersion = 10.0.40219.1
Project("{8BC9CEB8-8B4A-11D0-8D11-00A0C91BC942}") = "Digital_Image_Processing_hw3_2_White_Balancing", "Digital_Image_Processing_hw3_2_White_Balancing\Digital_Image_Processing_hw3_2_White_Balancing.vcxproj", "{848F20D6-CC48-4533-AA76-E347F461D143}"
EndProject
Global
	GlobalSection(SolutionConfigurationPlatforms) = preSolution
		Debug|x64 = Debug|x64
		Debug|x86 = Debug|x86
		Release|x64 = Release|x64
		Release|x86 = Release|x86
	EndGlobalSection
	GlobalSection(ProjectConfigurationPlatforms) = postSolution
		{848F20D6-CC48-4533-AA76-E347F461D143}.Debug|x64.ActiveCfg = Debug|x64
		{848F20D6-CC48-4533-AA76-E347F461D143}.Debug|x64.Build.0 = Debug|x64
		{848F20D6-CC48-4533-AA76-E347F461D143}.Debug|x86.ActiveCfg = Debug|Win32
		{848F20D6-CC48-4533-AA76-E347F461D143}.Debug|x86.Build.0 = Debug|Win32
		{848F20D6-CC48-4533-AA76-E347F461D143}.Release|x64.ActiveCfg = Release|x64
		{848F20D6-CC48-4533-AA76-E347F461D143}.Release|x64.Build.0 = Release|x64
		{848F20D6-CC48-4533-AA76-E347F461D143}.Release|x86.ActiveCfg = Release|Win32
		{848F20D6-CC48-4533-AA76-E347F461D143}.Release|x86.Build.0 = Release|Win32
	EndGlobalSection
	GlobalSection(SolutionProperties) = preSolution
		HideSolutionNode = FALSE
	EndGlobalSection
	GlobalSection(ExtensibilityGlobals) = postSolution
		SolutionGuid = {933EEB8A-ADEA-4EA4-902F-CFA0CA60CD1D}
	EndGlobalSection
EndGlobal
